
Microsoft Visual Studio Solution File, Format Version 12.00
# Visual Studio 2012
Project("{FAE04EC0-301F-11D3-BF4B-00C04F79EFBC}") = "Naxam.PayPal.Risk.iOS", "Naxam.PayPal.Risk.iOS\Naxam.PayPal.Risk.iOS.csproj", "{1A95E0D6-AB90-48EC-ADB7-8386E5650A68}"
EndProject
Global
	GlobalSection(SolutionConfigurationPlatforms) = preSolution
		Debug|Any CPU = Debug|Any CPU
		Release|Any CPU = Release|Any CPU
	EndGlobalSection
	GlobalSection(ProjectConfigurationPlatforms) = postSolution
		{1A95E0D6-AB90-48EC-ADB7-8386E5650A68}.Debug|Any CPU.ActiveCfg = Debug|Any CPU
		{1A95E0D6-AB90-48EC-ADB7-8386E5650A68}.Debug|Any CPU.Build.0 = Debug|Any CPU
		{1A95E0D6-AB90-48EC-ADB7-8386E5650A68}.Release|Any CPU.ActiveCfg = Release|Any CPU
		{1A95E0D6-AB90-48EC-ADB7-8386E5650A68}.Release|Any CPU.Build.0 = Release|Any CPU
	EndGlobalSection
EndGlobal
