
Microsoft Visual Studio Solution File, Format Version 12.00
# Visual Studio 2012
Project("{FAE04EC0-301F-11D3-BF4B-00C04F79EFBC}") = "Naxam.PayPal.Risk.iOS", "Naxam.PayPal.Risk.iOS\Naxam.PayPal.Risk.iOS.csproj", "{1A95E0D6-AB90-48EC-ADB7-8386E5650A68}"
EndProject
Project("{FAE04EC0-301F-11D3-BF4B-00C04F79EFBC}") = "Naxam.BrainTreeCore.iOS", "Naxam.BrainTreeCore.iOS\Naxam.BrainTreeCore.iOS.csproj", "{CD32710E-D053-4BBF-8A9B-359E65A2671C}"
EndProject
Project("{FAE04EC0-301F-11D3-BF4B-00C04F79EFBC}") = "Naxam.PayPalUtils.iOS", "Naxam.PayPalUtils.iOS\Naxam.PayPalUtils.iOS.csproj", "{DA407D69-DC1B-4ADB-8BDB-62BC3E8BB11C}"
EndProject
Project("{FAE04EC0-301F-11D3-BF4B-00C04F79EFBC}") = "Naxam.PayPalDataCollector.iOS", "Naxam.PayPalDataCollector.iOS\Naxam.PayPalDataCollector.iOS.csproj", "{6985CBE0-FD24-4416-93E7-71D7D4109C9B}"
EndProject
Project("{FAE04EC0-301F-11D3-BF4B-00C04F79EFBC}") = "Naxam.BraintreeCard.iOS", "Naxam.BraintreeCard.iOS\Naxam.BraintreeCard.iOS.csproj", "{FFC173C8-BAFF-4641-9750-AC5CD8FDB51A}"
EndProject
Project("{FAE04EC0-301F-11D3-BF4B-00C04F79EFBC}") = "Naxam.Braintree3DSecure.iOS", "Naxam.Braintree3DSecure.iOS\Naxam.Braintree3DSecure.iOS.csproj", "{A3A0F2A3-DD4C-4A76-A95D-7B36AF4D74E5}"
EndProject
Project("{FAE04EC0-301F-11D3-BF4B-00C04F79EFBC}") = "Naxam.BraintreeApplePay.iOS", "Naxam.BraintreeApplePay.iOS\Naxam.BraintreeApplePay.iOS.csproj", "{64726ED5-269E-4802-A41B-25275366716F}"
EndProject
Project("{FAE04EC0-301F-11D3-BF4B-00C04F79EFBC}") = "Naxam.BraintreeDataCollector.iOS", "Naxam.BraintreeDataCollector.iOS\Naxam.BraintreeDataCollector.iOS.csproj", "{727B78F1-5A52-466F-B98A-60FB6D638B9A}"
EndProject
Project("{FAE04EC0-301F-11D3-BF4B-00C04F79EFBC}") = "Naxam.PayPalOneTouch.iOS", "Naxam.PayPalOneTouch.iOS\Naxam.PayPalOneTouch.iOS.csproj", "{DE5DFC91-5EDB-413B-BE59-05DC15D670F5}"
EndProject
Project("{FAE04EC0-301F-11D3-BF4B-00C04F79EFBC}") = "Naxam.BraintreePayPal.iOS", "Naxam.BraintreePayPal.iOS\Naxam.BraintreePayPal.iOS.csproj", "{B663DC60-50FF-4C6D-AB99-4EAD0E476E98}"
EndProject
Project("{FAE04EC0-301F-11D3-BF4B-00C04F79EFBC}") = "Naxam.BraintreeUI.iOS", "Naxam.BraintreeUI.iOS\Naxam.BraintreeUI.iOS.csproj", "{B49F12FB-0308-471F-84A2-B49E8BBD237D}"
EndProject
Project("{FAE04EC0-301F-11D3-BF4B-00C04F79EFBC}") = "Naxam.BraintreeUnionPay.iOS", "Naxam.BraintreeUnionPay.iOS\Naxam.BraintreeUnionPay.iOS.csproj", "{C9B66E26-E65B-4EF4-8D4E-6250CEF32628}"
EndProject
Project("{FAE04EC0-301F-11D3-BF4B-00C04F79EFBC}") = "Naxam.BraintreeVenmo.iOS", "Naxam.BraintreeVenmo.iOS\Naxam.BraintreeVenmo.iOS.csproj", "{717ECBF2-EBC0-43FA-A4DA-06FAD35C24FD}"
EndProject
Project("{FAE04EC0-301F-11D3-BF4B-00C04F79EFBC}") = "Naxam.BraintreeAmericanExpress.iOS", "Naxam.BraintreeAmericanExpress.iOS\Naxam.BraintreeAmericanExpress.iOS.csproj", "{86981131-0A3D-4F53-8385-F144B86ABE30}"
EndProject
Project("{FAE04EC0-301F-11D3-BF4B-00C04F79EFBC}") = "Naxam.BraintreePaymentFlow.iOS", "Naxam.BraintreePaymentFlow.iOS\Naxam.BraintreePaymentFlow.iOS.csproj", "{BB41FD5A-CFB1-4A84-AF46-4BF360E2B75B}"
EndProject
Global
	GlobalSection(SolutionConfigurationPlatforms) = preSolution
		Debug|Any CPU = Debug|Any CPU
		Release|Any CPU = Release|Any CPU
	EndGlobalSection
	GlobalSection(ProjectConfigurationPlatforms) = postSolution
		{1A95E0D6-AB90-48EC-ADB7-8386E5650A68}.Debug|Any CPU.ActiveCfg = Debug|Any CPU
		{1A95E0D6-AB90-48EC-ADB7-8386E5650A68}.Debug|Any CPU.Build.0 = Debug|Any CPU
		{1A95E0D6-AB90-48EC-ADB7-8386E5650A68}.Release|Any CPU.ActiveCfg = Release|Any CPU
		{1A95E0D6-AB90-48EC-ADB7-8386E5650A68}.Release|Any CPU.Build.0 = Release|Any CPU
		{CD32710E-D053-4BBF-8A9B-359E65A2671C}.Debug|Any CPU.ActiveCfg = Debug|Any CPU
		{CD32710E-D053-4BBF-8A9B-359E65A2671C}.Debug|Any CPU.Build.0 = Debug|Any CPU
		{CD32710E-D053-4BBF-8A9B-359E65A2671C}.Release|Any CPU.ActiveCfg = Release|Any CPU
		{CD32710E-D053-4BBF-8A9B-359E65A2671C}.Release|Any CPU.Build.0 = Release|Any CPU
		{DA407D69-DC1B-4ADB-8BDB-62BC3E8BB11C}.Debug|Any CPU.ActiveCfg = Debug|Any CPU
		{DA407D69-DC1B-4ADB-8BDB-62BC3E8BB11C}.Debug|Any CPU.Build.0 = Debug|Any CPU
		{DA407D69-DC1B-4ADB-8BDB-62BC3E8BB11C}.Release|Any CPU.ActiveCfg = Release|Any CPU
		{DA407D69-DC1B-4ADB-8BDB-62BC3E8BB11C}.Release|Any CPU.Build.0 = Release|Any CPU
		{6985CBE0-FD24-4416-93E7-71D7D4109C9B}.Debug|Any CPU.ActiveCfg = Debug|Any CPU
		{6985CBE0-FD24-4416-93E7-71D7D4109C9B}.Debug|Any CPU.Build.0 = Debug|Any CPU
		{6985CBE0-FD24-4416-93E7-71D7D4109C9B}.Release|Any CPU.ActiveCfg = Release|Any CPU
		{6985CBE0-FD24-4416-93E7-71D7D4109C9B}.Release|Any CPU.Build.0 = Release|Any CPU
		{FFC173C8-BAFF-4641-9750-AC5CD8FDB51A}.Debug|Any CPU.ActiveCfg = Debug|Any CPU
		{FFC173C8-BAFF-4641-9750-AC5CD8FDB51A}.Debug|Any CPU.Build.0 = Debug|Any CPU
		{FFC173C8-BAFF-4641-9750-AC5CD8FDB51A}.Release|Any CPU.ActiveCfg = Release|Any CPU
		{FFC173C8-BAFF-4641-9750-AC5CD8FDB51A}.Release|Any CPU.Build.0 = Release|Any CPU
		{A3A0F2A3-DD4C-4A76-A95D-7B36AF4D74E5}.Debug|Any CPU.ActiveCfg = Debug|Any CPU
		{A3A0F2A3-DD4C-4A76-A95D-7B36AF4D74E5}.Debug|Any CPU.Build.0 = Debug|Any CPU
		{A3A0F2A3-DD4C-4A76-A95D-7B36AF4D74E5}.Release|Any CPU.ActiveCfg = Release|Any CPU
		{A3A0F2A3-DD4C-4A76-A95D-7B36AF4D74E5}.Release|Any CPU.Build.0 = Release|Any CPU
		{64726ED5-269E-4802-A41B-25275366716F}.Debug|Any CPU.ActiveCfg = Debug|Any CPU
		{64726ED5-269E-4802-A41B-25275366716F}.Debug|Any CPU.Build.0 = Debug|Any CPU
		{64726ED5-269E-4802-A41B-25275366716F}.Release|Any CPU.ActiveCfg = Release|Any CPU
		{64726ED5-269E-4802-A41B-25275366716F}.Release|Any CPU.Build.0 = Release|Any CPU
		{727B78F1-5A52-466F-B98A-60FB6D638B9A}.Debug|Any CPU.ActiveCfg = Debug|Any CPU
		{727B78F1-5A52-466F-B98A-60FB6D638B9A}.Debug|Any CPU.Build.0 = Debug|Any CPU
		{727B78F1-5A52-466F-B98A-60FB6D638B9A}.Release|Any CPU.ActiveCfg = Release|Any CPU
		{727B78F1-5A52-466F-B98A-60FB6D638B9A}.Release|Any CPU.Build.0 = Release|Any CPU
		{DE5DFC91-5EDB-413B-BE59-05DC15D670F5}.Debug|Any CPU.ActiveCfg = Debug|Any CPU
		{DE5DFC91-5EDB-413B-BE59-05DC15D670F5}.Debug|Any CPU.Build.0 = Debug|Any CPU
		{DE5DFC91-5EDB-413B-BE59-05DC15D670F5}.Release|Any CPU.ActiveCfg = Release|Any CPU
		{DE5DFC91-5EDB-413B-BE59-05DC15D670F5}.Release|Any CPU.Build.0 = Release|Any CPU
		{B663DC60-50FF-4C6D-AB99-4EAD0E476E98}.Debug|Any CPU.ActiveCfg = Debug|Any CPU
		{B663DC60-50FF-4C6D-AB99-4EAD0E476E98}.Debug|Any CPU.Build.0 = Debug|Any CPU
		{B663DC60-50FF-4C6D-AB99-4EAD0E476E98}.Release|Any CPU.ActiveCfg = Release|Any CPU
		{B663DC60-50FF-4C6D-AB99-4EAD0E476E98}.Release|Any CPU.Build.0 = Release|Any CPU
		{B49F12FB-0308-471F-84A2-B49E8BBD237D}.Debug|Any CPU.ActiveCfg = Debug|Any CPU
		{B49F12FB-0308-471F-84A2-B49E8BBD237D}.Debug|Any CPU.Build.0 = Debug|Any CPU
		{B49F12FB-0308-471F-84A2-B49E8BBD237D}.Release|Any CPU.ActiveCfg = Release|Any CPU
		{B49F12FB-0308-471F-84A2-B49E8BBD237D}.Release|Any CPU.Build.0 = Release|Any CPU
		{C9B66E26-E65B-4EF4-8D4E-6250CEF32628}.Debug|Any CPU.ActiveCfg = Debug|Any CPU
		{C9B66E26-E65B-4EF4-8D4E-6250CEF32628}.Debug|Any CPU.Build.0 = Debug|Any CPU
		{C9B66E26-E65B-4EF4-8D4E-6250CEF32628}.Release|Any CPU.ActiveCfg = Release|Any CPU
		{C9B66E26-E65B-4EF4-8D4E-6250CEF32628}.Release|Any CPU.Build.0 = Release|Any CPU
		{717ECBF2-EBC0-43FA-A4DA-06FAD35C24FD}.Debug|Any CPU.ActiveCfg = Debug|Any CPU
		{717ECBF2-EBC0-43FA-A4DA-06FAD35C24FD}.Debug|Any CPU.Build.0 = Debug|Any CPU
		{717ECBF2-EBC0-43FA-A4DA-06FAD35C24FD}.Release|Any CPU.ActiveCfg = Release|Any CPU
		{717ECBF2-EBC0-43FA-A4DA-06FAD35C24FD}.Release|Any CPU.Build.0 = Release|Any CPU
		{86981131-0A3D-4F53-8385-F144B86ABE30}.Debug|Any CPU.ActiveCfg = Debug|Any CPU
		{86981131-0A3D-4F53-8385-F144B86ABE30}.Debug|Any CPU.Build.0 = Debug|Any CPU
		{86981131-0A3D-4F53-8385-F144B86ABE30}.Release|Any CPU.ActiveCfg = Release|Any CPU
		{86981131-0A3D-4F53-8385-F144B86ABE30}.Release|Any CPU.Build.0 = Release|Any CPU
		{BB41FD5A-CFB1-4A84-AF46-4BF360E2B75B}.Debug|Any CPU.ActiveCfg = Debug|Any CPU
		{BB41FD5A-CFB1-4A84-AF46-4BF360E2B75B}.Debug|Any CPU.Build.0 = Debug|Any CPU
		{BB41FD5A-CFB1-4A84-AF46-4BF360E2B75B}.Release|Any CPU.ActiveCfg = Release|Any CPU
		{BB41FD5A-CFB1-4A84-AF46-4BF360E2B75B}.Release|Any CPU.Build.0 = Release|Any CPU
	EndGlobalSection
EndGlobal
