Microsoft Visual Studio Solution File, Format Version 12.00
# Visual Studio Version 17
VisualStudioVersion = 17.0.32112.339
MinimumVisualStudioVersion = 15.0.26124.0
Project("{FAE04EC0-301F-11D3-BF4B-00C04F79EFBC}") = "Core", "source\Braintree\Core\Core.csproj", "{23E99BB4-9BDC-4D7E-A633-2CD9801CB9CF}"
EndProject
Project("{FAE04EC0-301F-11D3-BF4B-00C04F79EFBC}") = "Card", "source\Braintree\Card\Card.csproj", "{7D3F7664-FFB0-4792-83D4-030F7D454F02}"
EndProject
Project("{FAE04EC0-301F-11D3-BF4B-00C04F79EFBC}") = "ApplePay", "source\Braintree\ApplePay\ApplePay.csproj", "{BC5944CF-1847-4CBE-A64B-6712A0E6E09B}"
EndProject
Project("{FAE04EC0-301F-11D3-BF4B-00C04F79EFBC}") = "Paypal", "source\Braintree\Paypal\Paypal.csproj", "{8DE486FC-FDF3-4E1E-97BC-4C853E50FCE7}"
EndProject
Project("{FAE04EC0-301F-11D3-BF4B-00C04F79EFBC}") = "ThreeDSecure", "source\Braintree\ThreeDSecure\ThreeDSecure.csproj", "{4E626DA6-7E3C-4B8D-AEA4-23D437C4D30C}"
EndProject
Project("{FAE04EC0-301F-11D3-BF4B-00C04F79EFBC}") = "UnionPay", "source\Braintree\UnionPay\UnionPay.csproj", "{70B3F1C3-2AA1-4EDE-8CE6-F4AACEFCA75D}"
EndProject
Project("{FAE04EC0-301F-11D3-BF4B-00C04F79EFBC}") = "Venmo", "source\Braintree\Venmo\Venmo.csproj", "{72C8B2A7-4AD4-4EC8-AC36-1284EDD2897E}"
EndProject
Project("{FAE04EC0-301F-11D3-BF4B-00C04F79EFBC}") = "DropIn", "source\Braintree\DropIn\DropIn.csproj", "{ACF1BBF0-1714-44C1-9B3C-F9514F3AAA84}"
EndProject
Global
	GlobalSection(SolutionConfigurationPlatforms) = preSolution
		Ad-Hoc|Any CPU = Ad-Hoc|Any CPU
		Ad-Hoc|iPhone = Ad-Hoc|iPhone
		Ad-Hoc|iPhoneSimulator = Ad-Hoc|iPhoneSimulator
		Ad-Hoc|x64 = Ad-Hoc|x64
		Ad-Hoc|x86 = Ad-Hoc|x86
		AppStore|Any CPU = AppStore|Any CPU
		AppStore|iPhone = AppStore|iPhone
		AppStore|iPhoneSimulator = AppStore|iPhoneSimulator
		AppStore|x64 = AppStore|x64
		AppStore|x86 = AppStore|x86
		Debug|Any CPU = Debug|Any CPU
		Debug|iPhone = Debug|iPhone
		Debug|iPhoneSimulator = Debug|iPhoneSimulator
		Debug|x64 = Debug|x64
		Debug|x86 = Debug|x86
		Release|Any CPU = Release|Any CPU
		Release|iPhone = Release|iPhone
		Release|iPhoneSimulator = Release|iPhoneSimulator
		Release|x64 = Release|x64
		Release|x86 = Release|x86
	EndGlobalSection
	GlobalSection(ProjectConfigurationPlatforms) = postSolution
		{23E99BB4-9BDC-4D7E-A633-2CD9801CB9CF}.Ad-Hoc|Any CPU.ActiveCfg = Debug|Any CPU
		{23E99BB4-9BDC-4D7E-A633-2CD9801CB9CF}.Ad-Hoc|Any CPU.Build.0 = Debug|Any CPU
		{23E99BB4-9BDC-4D7E-A633-2CD9801CB9CF}.Ad-Hoc|iPhone.ActiveCfg = Debug|Any CPU
		{23E99BB4-9BDC-4D7E-A633-2CD9801CB9CF}.Ad-Hoc|iPhone.Build.0 = Debug|Any CPU
		{23E99BB4-9BDC-4D7E-A633-2CD9801CB9CF}.Ad-Hoc|iPhoneSimulator.ActiveCfg = Debug|Any CPU
		{23E99BB4-9BDC-4D7E-A633-2CD9801CB9CF}.Ad-Hoc|iPhoneSimulator.Build.0 = Debug|Any CPU
		{23E99BB4-9BDC-4D7E-A633-2CD9801CB9CF}.Ad-Hoc|x64.ActiveCfg = Debug|Any CPU
		{23E99BB4-9BDC-4D7E-A633-2CD9801CB9CF}.Ad-Hoc|x64.Build.0 = Debug|Any CPU
		{23E99BB4-9BDC-4D7E-A633-2CD9801CB9CF}.Ad-Hoc|x86.ActiveCfg = Debug|Any CPU
		{23E99BB4-9BDC-4D7E-A633-2CD9801CB9CF}.Ad-Hoc|x86.Build.0 = Debug|Any CPU
		{23E99BB4-9BDC-4D7E-A633-2CD9801CB9CF}.AppStore|Any CPU.ActiveCfg = Debug|Any CPU
		{23E99BB4-9BDC-4D7E-A633-2CD9801CB9CF}.AppStore|Any CPU.Build.0 = Debug|Any CPU
		{23E99BB4-9BDC-4D7E-A633-2CD9801CB9CF}.AppStore|iPhone.ActiveCfg = Debug|Any CPU
		{23E99BB4-9BDC-4D7E-A633-2CD9801CB9CF}.AppStore|iPhone.Build.0 = Debug|Any CPU
		{23E99BB4-9BDC-4D7E-A633-2CD9801CB9CF}.AppStore|iPhoneSimulator.ActiveCfg = Debug|Any CPU
		{23E99BB4-9BDC-4D7E-A633-2CD9801CB9CF}.AppStore|iPhoneSimulator.Build.0 = Debug|Any CPU
		{23E99BB4-9BDC-4D7E-A633-2CD9801CB9CF}.AppStore|x64.ActiveCfg = Debug|Any CPU
		{23E99BB4-9BDC-4D7E-A633-2CD9801CB9CF}.AppStore|x64.Build.0 = Debug|Any CPU
		{23E99BB4-9BDC-4D7E-A633-2CD9801CB9CF}.AppStore|x86.ActiveCfg = Debug|Any CPU
		{23E99BB4-9BDC-4D7E-A633-2CD9801CB9CF}.AppStore|x86.Build.0 = Debug|Any CPU
		{23E99BB4-9BDC-4D7E-A633-2CD9801CB9CF}.Debug|Any CPU.ActiveCfg = Debug|Any CPU
		{23E99BB4-9BDC-4D7E-A633-2CD9801CB9CF}.Debug|Any CPU.Build.0 = Debug|Any CPU
		{23E99BB4-9BDC-4D7E-A633-2CD9801CB9CF}.Debug|iPhone.ActiveCfg = Debug|Any CPU
		{23E99BB4-9BDC-4D7E-A633-2CD9801CB9CF}.Debug|iPhone.Build.0 = Debug|Any CPU
		{23E99BB4-9BDC-4D7E-A633-2CD9801CB9CF}.Debug|iPhoneSimulator.ActiveCfg = Debug|Any CPU
		{23E99BB4-9BDC-4D7E-A633-2CD9801CB9CF}.Debug|iPhoneSimulator.Build.0 = Debug|Any CPU
		{23E99BB4-9BDC-4D7E-A633-2CD9801CB9CF}.Debug|x64.ActiveCfg = Debug|Any CPU
		{23E99BB4-9BDC-4D7E-A633-2CD9801CB9CF}.Debug|x64.Build.0 = Debug|Any CPU
		{23E99BB4-9BDC-4D7E-A633-2CD9801CB9CF}.Debug|x86.ActiveCfg = Debug|Any CPU
		{23E99BB4-9BDC-4D7E-A633-2CD9801CB9CF}.Debug|x86.Build.0 = Debug|Any CPU
		{23E99BB4-9BDC-4D7E-A633-2CD9801CB9CF}.Release|Any CPU.ActiveCfg = Release|Any CPU
		{23E99BB4-9BDC-4D7E-A633-2CD9801CB9CF}.Release|Any CPU.Build.0 = Release|Any CPU
		{23E99BB4-9BDC-4D7E-A633-2CD9801CB9CF}.Release|iPhone.ActiveCfg = Release|Any CPU
		{23E99BB4-9BDC-4D7E-A633-2CD9801CB9CF}.Release|iPhone.Build.0 = Release|Any CPU
		{23E99BB4-9BDC-4D7E-A633-2CD9801CB9CF}.Release|iPhoneSimulator.ActiveCfg = Release|Any CPU
		{23E99BB4-9BDC-4D7E-A633-2CD9801CB9CF}.Release|iPhoneSimulator.Build.0 = Release|Any CPU
		{23E99BB4-9BDC-4D7E-A633-2CD9801CB9CF}.Release|x64.ActiveCfg = Release|Any CPU
		{23E99BB4-9BDC-4D7E-A633-2CD9801CB9CF}.Release|x64.Build.0 = Release|Any CPU
		{23E99BB4-9BDC-4D7E-A633-2CD9801CB9CF}.Release|x86.ActiveCfg = Release|Any CPU
		{23E99BB4-9BDC-4D7E-A633-2CD9801CB9CF}.Release|x86.Build.0 = Release|Any CPU
		{7D3F7664-FFB0-4792-83D4-030F7D454F02}.Ad-Hoc|Any CPU.ActiveCfg = Debug|Any CPU
		{7D3F7664-FFB0-4792-83D4-030F7D454F02}.Ad-Hoc|Any CPU.Build.0 = Debug|Any CPU
		{7D3F7664-FFB0-4792-83D4-030F7D454F02}.Ad-Hoc|iPhone.ActiveCfg = Debug|Any CPU
		{7D3F7664-FFB0-4792-83D4-030F7D454F02}.Ad-Hoc|iPhone.Build.0 = Debug|Any CPU
		{7D3F7664-FFB0-4792-83D4-030F7D454F02}.Ad-Hoc|iPhoneSimulator.ActiveCfg = Debug|Any CPU
		{7D3F7664-FFB0-4792-83D4-030F7D454F02}.Ad-Hoc|iPhoneSimulator.Build.0 = Debug|Any CPU
		{7D3F7664-FFB0-4792-83D4-030F7D454F02}.Ad-Hoc|x64.ActiveCfg = Debug|Any CPU
		{7D3F7664-FFB0-4792-83D4-030F7D454F02}.Ad-Hoc|x64.Build.0 = Debug|Any CPU
		{7D3F7664-FFB0-4792-83D4-030F7D454F02}.Ad-Hoc|x86.ActiveCfg = Debug|Any CPU
		{7D3F7664-FFB0-4792-83D4-030F7D454F02}.Ad-Hoc|x86.Build.0 = Debug|Any CPU
		{7D3F7664-FFB0-4792-83D4-030F7D454F02}.AppStore|Any CPU.ActiveCfg = Debug|Any CPU
		{7D3F7664-FFB0-4792-83D4-030F7D454F02}.AppStore|Any CPU.Build.0 = Debug|Any CPU
		{7D3F7664-FFB0-4792-83D4-030F7D454F02}.AppStore|iPhone.ActiveCfg = Debug|Any CPU
		{7D3F7664-FFB0-4792-83D4-030F7D454F02}.AppStore|iPhone.Build.0 = Debug|Any CPU
		{7D3F7664-FFB0-4792-83D4-030F7D454F02}.AppStore|iPhoneSimulator.ActiveCfg = Debug|Any CPU
		{7D3F7664-FFB0-4792-83D4-030F7D454F02}.AppStore|iPhoneSimulator.Build.0 = Debug|Any CPU
		{7D3F7664-FFB0-4792-83D4-030F7D454F02}.AppStore|x64.ActiveCfg = Debug|Any CPU
		{7D3F7664-FFB0-4792-83D4-030F7D454F02}.AppStore|x64.Build.0 = Debug|Any CPU
		{7D3F7664-FFB0-4792-83D4-030F7D454F02}.AppStore|x86.ActiveCfg = Debug|Any CPU
		{7D3F7664-FFB0-4792-83D4-030F7D454F02}.AppStore|x86.Build.0 = Debug|Any CPU
		{7D3F7664-FFB0-4792-83D4-030F7D454F02}.Debug|Any CPU.ActiveCfg = Debug|Any CPU
		{7D3F7664-FFB0-4792-83D4-030F7D454F02}.Debug|Any CPU.Build.0 = Debug|Any CPU
		{7D3F7664-FFB0-4792-83D4-030F7D454F02}.Debug|iPhone.ActiveCfg = Debug|Any CPU
		{7D3F7664-FFB0-4792-83D4-030F7D454F02}.Debug|iPhone.Build.0 = Debug|Any CPU
		{7D3F7664-FFB0-4792-83D4-030F7D454F02}.Debug|iPhoneSimulator.ActiveCfg = Debug|Any CPU
		{7D3F7664-FFB0-4792-83D4-030F7D454F02}.Debug|iPhoneSimulator.Build.0 = Debug|Any CPU
		{7D3F7664-FFB0-4792-83D4-030F7D454F02}.Debug|x64.ActiveCfg = Debug|Any CPU
		{7D3F7664-FFB0-4792-83D4-030F7D454F02}.Debug|x64.Build.0 = Debug|Any CPU
		{7D3F7664-FFB0-4792-83D4-030F7D454F02}.Debug|x86.ActiveCfg = Debug|Any CPU
		{7D3F7664-FFB0-4792-83D4-030F7D454F02}.Debug|x86.Build.0 = Debug|Any CPU
		{7D3F7664-FFB0-4792-83D4-030F7D454F02}.Release|Any CPU.ActiveCfg = Release|Any CPU
		{7D3F7664-FFB0-4792-83D4-030F7D454F02}.Release|Any CPU.Build.0 = Release|Any CPU
		{7D3F7664-FFB0-4792-83D4-030F7D454F02}.Release|iPhone.ActiveCfg = Release|Any CPU
		{7D3F7664-FFB0-4792-83D4-030F7D454F02}.Release|iPhone.Build.0 = Release|Any CPU
		{7D3F7664-FFB0-4792-83D4-030F7D454F02}.Release|iPhoneSimulator.ActiveCfg = Release|Any CPU
		{7D3F7664-FFB0-4792-83D4-030F7D454F02}.Release|iPhoneSimulator.Build.0 = Release|Any CPU
		{7D3F7664-FFB0-4792-83D4-030F7D454F02}.Release|x64.ActiveCfg = Release|Any CPU
		{7D3F7664-FFB0-4792-83D4-030F7D454F02}.Release|x64.Build.0 = Release|Any CPU
		{7D3F7664-FFB0-4792-83D4-030F7D454F02}.Release|x86.ActiveCfg = Release|Any CPU
		{7D3F7664-FFB0-4792-83D4-030F7D454F02}.Release|x86.Build.0 = Release|Any CPU
		{BC5944CF-1847-4CBE-A64B-6712A0E6E09B}.Ad-Hoc|Any CPU.ActiveCfg = Debug|Any CPU
		{BC5944CF-1847-4CBE-A64B-6712A0E6E09B}.Ad-Hoc|Any CPU.Build.0 = Debug|Any CPU
		{BC5944CF-1847-4CBE-A64B-6712A0E6E09B}.Ad-Hoc|iPhone.ActiveCfg = Debug|Any CPU
		{BC5944CF-1847-4CBE-A64B-6712A0E6E09B}.Ad-Hoc|iPhone.Build.0 = Debug|Any CPU
		{BC5944CF-1847-4CBE-A64B-6712A0E6E09B}.Ad-Hoc|iPhoneSimulator.ActiveCfg = Debug|Any CPU
		{BC5944CF-1847-4CBE-A64B-6712A0E6E09B}.Ad-Hoc|iPhoneSimulator.Build.0 = Debug|Any CPU
		{BC5944CF-1847-4CBE-A64B-6712A0E6E09B}.Ad-Hoc|x64.ActiveCfg = Debug|Any CPU
		{BC5944CF-1847-4CBE-A64B-6712A0E6E09B}.Ad-Hoc|x64.Build.0 = Debug|Any CPU
		{BC5944CF-1847-4CBE-A64B-6712A0E6E09B}.Ad-Hoc|x86.ActiveCfg = Debug|Any CPU
		{BC5944CF-1847-4CBE-A64B-6712A0E6E09B}.Ad-Hoc|x86.Build.0 = Debug|Any CPU
		{BC5944CF-1847-4CBE-A64B-6712A0E6E09B}.AppStore|Any CPU.ActiveCfg = Debug|Any CPU
		{BC5944CF-1847-4CBE-A64B-6712A0E6E09B}.AppStore|Any CPU.Build.0 = Debug|Any CPU
		{BC5944CF-1847-4CBE-A64B-6712A0E6E09B}.AppStore|iPhone.ActiveCfg = Debug|Any CPU
		{BC5944CF-1847-4CBE-A64B-6712A0E6E09B}.AppStore|iPhone.Build.0 = Debug|Any CPU
		{BC5944CF-1847-4CBE-A64B-6712A0E6E09B}.AppStore|iPhoneSimulator.ActiveCfg = Debug|Any CPU
		{BC5944CF-1847-4CBE-A64B-6712A0E6E09B}.AppStore|iPhoneSimulator.Build.0 = Debug|Any CPU
		{BC5944CF-1847-4CBE-A64B-6712A0E6E09B}.AppStore|x64.ActiveCfg = Debug|Any CPU
		{BC5944CF-1847-4CBE-A64B-6712A0E6E09B}.AppStore|x64.Build.0 = Debug|Any CPU
		{BC5944CF-1847-4CBE-A64B-6712A0E6E09B}.AppStore|x86.ActiveCfg = Debug|Any CPU
		{BC5944CF-1847-4CBE-A64B-6712A0E6E09B}.AppStore|x86.Build.0 = Debug|Any CPU
		{BC5944CF-1847-4CBE-A64B-6712A0E6E09B}.Debug|Any CPU.ActiveCfg = Debug|Any CPU
		{BC5944CF-1847-4CBE-A64B-6712A0E6E09B}.Debug|Any CPU.Build.0 = Debug|Any CPU
		{BC5944CF-1847-4CBE-A64B-6712A0E6E09B}.Debug|iPhone.ActiveCfg = Debug|Any CPU
		{BC5944CF-1847-4CBE-A64B-6712A0E6E09B}.Debug|iPhone.Build.0 = Debug|Any CPU
		{BC5944CF-1847-4CBE-A64B-6712A0E6E09B}.Debug|iPhoneSimulator.ActiveCfg = Debug|Any CPU
		{BC5944CF-1847-4CBE-A64B-6712A0E6E09B}.Debug|iPhoneSimulator.Build.0 = Debug|Any CPU
		{BC5944CF-1847-4CBE-A64B-6712A0E6E09B}.Debug|x64.ActiveCfg = Debug|Any CPU
		{BC5944CF-1847-4CBE-A64B-6712A0E6E09B}.Debug|x64.Build.0 = Debug|Any CPU
		{BC5944CF-1847-4CBE-A64B-6712A0E6E09B}.Debug|x86.ActiveCfg = Debug|Any CPU
		{BC5944CF-1847-4CBE-A64B-6712A0E6E09B}.Debug|x86.Build.0 = Debug|Any CPU
		{BC5944CF-1847-4CBE-A64B-6712A0E6E09B}.Release|Any CPU.ActiveCfg = Release|Any CPU
		{BC5944CF-1847-4CBE-A64B-6712A0E6E09B}.Release|Any CPU.Build.0 = Release|Any CPU
		{BC5944CF-1847-4CBE-A64B-6712A0E6E09B}.Release|iPhone.ActiveCfg = Release|Any CPU
		{BC5944CF-1847-4CBE-A64B-6712A0E6E09B}.Release|iPhone.Build.0 = Release|Any CPU
		{BC5944CF-1847-4CBE-A64B-6712A0E6E09B}.Release|iPhoneSimulator.ActiveCfg = Release|Any CPU
		{BC5944CF-1847-4CBE-A64B-6712A0E6E09B}.Release|iPhoneSimulator.Build.0 = Release|Any CPU
		{BC5944CF-1847-4CBE-A64B-6712A0E6E09B}.Release|x64.ActiveCfg = Release|Any CPU
		{BC5944CF-1847-4CBE-A64B-6712A0E6E09B}.Release|x64.Build.0 = Release|Any CPU
		{BC5944CF-1847-4CBE-A64B-6712A0E6E09B}.Release|x86.ActiveCfg = Release|Any CPU
		{BC5944CF-1847-4CBE-A64B-6712A0E6E09B}.Release|x86.Build.0 = Release|Any CPU
		{8DE486FC-FDF3-4E1E-97BC-4C853E50FCE7}.Ad-Hoc|Any CPU.ActiveCfg = Debug|Any CPU
		{8DE486FC-FDF3-4E1E-97BC-4C853E50FCE7}.Ad-Hoc|Any CPU.Build.0 = Debug|Any CPU
		{8DE486FC-FDF3-4E1E-97BC-4C853E50FCE7}.Ad-Hoc|iPhone.ActiveCfg = Debug|Any CPU
		{8DE486FC-FDF3-4E1E-97BC-4C853E50FCE7}.Ad-Hoc|iPhone.Build.0 = Debug|Any CPU
		{8DE486FC-FDF3-4E1E-97BC-4C853E50FCE7}.Ad-Hoc|iPhoneSimulator.ActiveCfg = Debug|Any CPU
		{8DE486FC-FDF3-4E1E-97BC-4C853E50FCE7}.Ad-Hoc|iPhoneSimulator.Build.0 = Debug|Any CPU
		{8DE486FC-FDF3-4E1E-97BC-4C853E50FCE7}.Ad-Hoc|x64.ActiveCfg = Debug|Any CPU
		{8DE486FC-FDF3-4E1E-97BC-4C853E50FCE7}.Ad-Hoc|x64.Build.0 = Debug|Any CPU
		{8DE486FC-FDF3-4E1E-97BC-4C853E50FCE7}.Ad-Hoc|x86.ActiveCfg = Debug|Any CPU
		{8DE486FC-FDF3-4E1E-97BC-4C853E50FCE7}.Ad-Hoc|x86.Build.0 = Debug|Any CPU
		{8DE486FC-FDF3-4E1E-97BC-4C853E50FCE7}.AppStore|Any CPU.ActiveCfg = Debug|Any CPU
		{8DE486FC-FDF3-4E1E-97BC-4C853E50FCE7}.AppStore|Any CPU.Build.0 = Debug|Any CPU
		{8DE486FC-FDF3-4E1E-97BC-4C853E50FCE7}.AppStore|iPhone.ActiveCfg = Debug|Any CPU
		{8DE486FC-FDF3-4E1E-97BC-4C853E50FCE7}.AppStore|iPhone.Build.0 = Debug|Any CPU
		{8DE486FC-FDF3-4E1E-97BC-4C853E50FCE7}.AppStore|iPhoneSimulator.ActiveCfg = Debug|Any CPU
		{8DE486FC-FDF3-4E1E-97BC-4C853E50FCE7}.AppStore|iPhoneSimulator.Build.0 = Debug|Any CPU
		{8DE486FC-FDF3-4E1E-97BC-4C853E50FCE7}.AppStore|x64.ActiveCfg = Debug|Any CPU
		{8DE486FC-FDF3-4E1E-97BC-4C853E50FCE7}.AppStore|x64.Build.0 = Debug|Any CPU
		{8DE486FC-FDF3-4E1E-97BC-4C853E50FCE7}.AppStore|x86.ActiveCfg = Debug|Any CPU
		{8DE486FC-FDF3-4E1E-97BC-4C853E50FCE7}.AppStore|x86.Build.0 = Debug|Any CPU
		{8DE486FC-FDF3-4E1E-97BC-4C853E50FCE7}.Debug|Any CPU.ActiveCfg = Debug|Any CPU
		{8DE486FC-FDF3-4E1E-97BC-4C853E50FCE7}.Debug|Any CPU.Build.0 = Debug|Any CPU
		{8DE486FC-FDF3-4E1E-97BC-4C853E50FCE7}.Debug|iPhone.ActiveCfg = Debug|Any CPU
		{8DE486FC-FDF3-4E1E-97BC-4C853E50FCE7}.Debug|iPhone.Build.0 = Debug|Any CPU
		{8DE486FC-FDF3-4E1E-97BC-4C853E50FCE7}.Debug|iPhoneSimulator.ActiveCfg = Debug|Any CPU
		{8DE486FC-FDF3-4E1E-97BC-4C853E50FCE7}.Debug|iPhoneSimulator.Build.0 = Debug|Any CPU
		{8DE486FC-FDF3-4E1E-97BC-4C853E50FCE7}.Debug|x64.ActiveCfg = Debug|Any CPU
		{8DE486FC-FDF3-4E1E-97BC-4C853E50FCE7}.Debug|x64.Build.0 = Debug|Any CPU
		{8DE486FC-FDF3-4E1E-97BC-4C853E50FCE7}.Debug|x86.ActiveCfg = Debug|Any CPU
		{8DE486FC-FDF3-4E1E-97BC-4C853E50FCE7}.Debug|x86.Build.0 = Debug|Any CPU
		{8DE486FC-FDF3-4E1E-97BC-4C853E50FCE7}.Release|Any CPU.ActiveCfg = Release|Any CPU
		{8DE486FC-FDF3-4E1E-97BC-4C853E50FCE7}.Release|Any CPU.Build.0 = Release|Any CPU
		{8DE486FC-FDF3-4E1E-97BC-4C853E50FCE7}.Release|iPhone.ActiveCfg = Release|Any CPU
		{8DE486FC-FDF3-4E1E-97BC-4C853E50FCE7}.Release|iPhone.Build.0 = Release|Any CPU
		{8DE486FC-FDF3-4E1E-97BC-4C853E50FCE7}.Release|iPhoneSimulator.ActiveCfg = Release|Any CPU
		{8DE486FC-FDF3-4E1E-97BC-4C853E50FCE7}.Release|iPhoneSimulator.Build.0 = Release|Any CPU
		{8DE486FC-FDF3-4E1E-97BC-4C853E50FCE7}.Release|x64.ActiveCfg = Release|Any CPU
		{8DE486FC-FDF3-4E1E-97BC-4C853E50FCE7}.Release|x64.Build.0 = Release|Any CPU
		{8DE486FC-FDF3-4E1E-97BC-4C853E50FCE7}.Release|x86.ActiveCfg = Release|Any CPU
		{8DE486FC-FDF3-4E1E-97BC-4C853E50FCE7}.Release|x86.Build.0 = Release|Any CPU
		{4E626DA6-7E3C-4B8D-AEA4-23D437C4D30C}.Ad-Hoc|Any CPU.ActiveCfg = Debug|Any CPU
		{4E626DA6-7E3C-4B8D-AEA4-23D437C4D30C}.Ad-Hoc|Any CPU.Build.0 = Debug|Any CPU
		{4E626DA6-7E3C-4B8D-AEA4-23D437C4D30C}.Ad-Hoc|iPhone.ActiveCfg = Debug|Any CPU
		{4E626DA6-7E3C-4B8D-AEA4-23D437C4D30C}.Ad-Hoc|iPhone.Build.0 = Debug|Any CPU
		{4E626DA6-7E3C-4B8D-AEA4-23D437C4D30C}.Ad-Hoc|iPhoneSimulator.ActiveCfg = Debug|Any CPU
		{4E626DA6-7E3C-4B8D-AEA4-23D437C4D30C}.Ad-Hoc|iPhoneSimulator.Build.0 = Debug|Any CPU
		{4E626DA6-7E3C-4B8D-AEA4-23D437C4D30C}.Ad-Hoc|x64.ActiveCfg = Debug|Any CPU
		{4E626DA6-7E3C-4B8D-AEA4-23D437C4D30C}.Ad-Hoc|x64.Build.0 = Debug|Any CPU
		{4E626DA6-7E3C-4B8D-AEA4-23D437C4D30C}.Ad-Hoc|x86.ActiveCfg = Debug|Any CPU
		{4E626DA6-7E3C-4B8D-AEA4-23D437C4D30C}.Ad-Hoc|x86.Build.0 = Debug|Any CPU
		{4E626DA6-7E3C-4B8D-AEA4-23D437C4D30C}.AppStore|Any CPU.ActiveCfg = Debug|Any CPU
		{4E626DA6-7E3C-4B8D-AEA4-23D437C4D30C}.AppStore|Any CPU.Build.0 = Debug|Any CPU
		{4E626DA6-7E3C-4B8D-AEA4-23D437C4D30C}.AppStore|iPhone.ActiveCfg = Debug|Any CPU
		{4E626DA6-7E3C-4B8D-AEA4-23D437C4D30C}.AppStore|iPhone.Build.0 = Debug|Any CPU
		{4E626DA6-7E3C-4B8D-AEA4-23D437C4D30C}.AppStore|iPhoneSimulator.ActiveCfg = Debug|Any CPU
		{4E626DA6-7E3C-4B8D-AEA4-23D437C4D30C}.AppStore|iPhoneSimulator.Build.0 = Debug|Any CPU
		{4E626DA6-7E3C-4B8D-AEA4-23D437C4D30C}.AppStore|x64.ActiveCfg = Debug|Any CPU
		{4E626DA6-7E3C-4B8D-AEA4-23D437C4D30C}.AppStore|x64.Build.0 = Debug|Any CPU
		{4E626DA6-7E3C-4B8D-AEA4-23D437C4D30C}.AppStore|x86.ActiveCfg = Debug|Any CPU
		{4E626DA6-7E3C-4B8D-AEA4-23D437C4D30C}.AppStore|x86.Build.0 = Debug|Any CPU
		{4E626DA6-7E3C-4B8D-AEA4-23D437C4D30C}.Debug|Any CPU.ActiveCfg = Debug|Any CPU
		{4E626DA6-7E3C-4B8D-AEA4-23D437C4D30C}.Debug|Any CPU.Build.0 = Debug|Any CPU
		{4E626DA6-7E3C-4B8D-AEA4-23D437C4D30C}.Debug|iPhone.ActiveCfg = Debug|Any CPU
		{4E626DA6-7E3C-4B8D-AEA4-23D437C4D30C}.Debug|iPhone.Build.0 = Debug|Any CPU
		{4E626DA6-7E3C-4B8D-AEA4-23D437C4D30C}.Debug|iPhoneSimulator.ActiveCfg = Debug|Any CPU
		{4E626DA6-7E3C-4B8D-AEA4-23D437C4D30C}.Debug|iPhoneSimulator.Build.0 = Debug|Any CPU
		{4E626DA6-7E3C-4B8D-AEA4-23D437C4D30C}.Debug|x64.ActiveCfg = Debug|Any CPU
		{4E626DA6-7E3C-4B8D-AEA4-23D437C4D30C}.Debug|x64.Build.0 = Debug|Any CPU
		{4E626DA6-7E3C-4B8D-AEA4-23D437C4D30C}.Debug|x86.ActiveCfg = Debug|Any CPU
		{4E626DA6-7E3C-4B8D-AEA4-23D437C4D30C}.Debug|x86.Build.0 = Debug|Any CPU
		{4E626DA6-7E3C-4B8D-AEA4-23D437C4D30C}.Release|Any CPU.ActiveCfg = Release|Any CPU
		{4E626DA6-7E3C-4B8D-AEA4-23D437C4D30C}.Release|Any CPU.Build.0 = Release|Any CPU
		{4E626DA6-7E3C-4B8D-AEA4-23D437C4D30C}.Release|iPhone.ActiveCfg = Release|Any CPU
		{4E626DA6-7E3C-4B8D-AEA4-23D437C4D30C}.Release|iPhone.Build.0 = Release|Any CPU
		{4E626DA6-7E3C-4B8D-AEA4-23D437C4D30C}.Release|iPhoneSimulator.ActiveCfg = Release|Any CPU
		{4E626DA6-7E3C-4B8D-AEA4-23D437C4D30C}.Release|iPhoneSimulator.Build.0 = Release|Any CPU
		{4E626DA6-7E3C-4B8D-AEA4-23D437C4D30C}.Release|x64.ActiveCfg = Release|Any CPU
		{4E626DA6-7E3C-4B8D-AEA4-23D437C4D30C}.Release|x64.Build.0 = Release|Any CPU
		{4E626DA6-7E3C-4B8D-AEA4-23D437C4D30C}.Release|x86.ActiveCfg = Release|Any CPU
		{4E626DA6-7E3C-4B8D-AEA4-23D437C4D30C}.Release|x86.Build.0 = Release|Any CPU
		{70B3F1C3-2AA1-4EDE-8CE6-F4AACEFCA75D}.Ad-Hoc|Any CPU.ActiveCfg = Debug|Any CPU
		{70B3F1C3-2AA1-4EDE-8CE6-F4AACEFCA75D}.Ad-Hoc|Any CPU.Build.0 = Debug|Any CPU
		{70B3F1C3-2AA1-4EDE-8CE6-F4AACEFCA75D}.Ad-Hoc|iPhone.ActiveCfg = Debug|Any CPU
		{70B3F1C3-2AA1-4EDE-8CE6-F4AACEFCA75D}.Ad-Hoc|iPhone.Build.0 = Debug|Any CPU
		{70B3F1C3-2AA1-4EDE-8CE6-F4AACEFCA75D}.Ad-Hoc|iPhoneSimulator.ActiveCfg = Debug|Any CPU
		{70B3F1C3-2AA1-4EDE-8CE6-F4AACEFCA75D}.Ad-Hoc|iPhoneSimulator.Build.0 = Debug|Any CPU
		{70B3F1C3-2AA1-4EDE-8CE6-F4AACEFCA75D}.Ad-Hoc|x64.ActiveCfg = Debug|Any CPU
		{70B3F1C3-2AA1-4EDE-8CE6-F4AACEFCA75D}.Ad-Hoc|x64.Build.0 = Debug|Any CPU
		{70B3F1C3-2AA1-4EDE-8CE6-F4AACEFCA75D}.Ad-Hoc|x86.ActiveCfg = Debug|Any CPU
		{70B3F1C3-2AA1-4EDE-8CE6-F4AACEFCA75D}.Ad-Hoc|x86.Build.0 = Debug|Any CPU
		{70B3F1C3-2AA1-4EDE-8CE6-F4AACEFCA75D}.AppStore|Any CPU.ActiveCfg = Debug|Any CPU
		{70B3F1C3-2AA1-4EDE-8CE6-F4AACEFCA75D}.AppStore|Any CPU.Build.0 = Debug|Any CPU
		{70B3F1C3-2AA1-4EDE-8CE6-F4AACEFCA75D}.AppStore|iPhone.ActiveCfg = Debug|Any CPU
		{70B3F1C3-2AA1-4EDE-8CE6-F4AACEFCA75D}.AppStore|iPhone.Build.0 = Debug|Any CPU
		{70B3F1C3-2AA1-4EDE-8CE6-F4AACEFCA75D}.AppStore|iPhoneSimulator.ActiveCfg = Debug|Any CPU
		{70B3F1C3-2AA1-4EDE-8CE6-F4AACEFCA75D}.AppStore|iPhoneSimulator.Build.0 = Debug|Any CPU
		{70B3F1C3-2AA1-4EDE-8CE6-F4AACEFCA75D}.AppStore|x64.ActiveCfg = Debug|Any CPU
		{70B3F1C3-2AA1-4EDE-8CE6-F4AACEFCA75D}.AppStore|x64.Build.0 = Debug|Any CPU
		{70B3F1C3-2AA1-4EDE-8CE6-F4AACEFCA75D}.AppStore|x86.ActiveCfg = Debug|Any CPU
		{70B3F1C3-2AA1-4EDE-8CE6-F4AACEFCA75D}.AppStore|x86.Build.0 = Debug|Any CPU
		{70B3F1C3-2AA1-4EDE-8CE6-F4AACEFCA75D}.Debug|Any CPU.ActiveCfg = Debug|Any CPU
		{70B3F1C3-2AA1-4EDE-8CE6-F4AACEFCA75D}.Debug|Any CPU.Build.0 = Debug|Any CPU
		{70B3F1C3-2AA1-4EDE-8CE6-F4AACEFCA75D}.Debug|iPhone.ActiveCfg = Debug|Any CPU
		{70B3F1C3-2AA1-4EDE-8CE6-F4AACEFCA75D}.Debug|iPhone.Build.0 = Debug|Any CPU
		{70B3F1C3-2AA1-4EDE-8CE6-F4AACEFCA75D}.Debug|iPhoneSimulator.ActiveCfg = Debug|Any CPU
		{70B3F1C3-2AA1-4EDE-8CE6-F4AACEFCA75D}.Debug|iPhoneSimulator.Build.0 = Debug|Any CPU
		{70B3F1C3-2AA1-4EDE-8CE6-F4AACEFCA75D}.Debug|x64.ActiveCfg = Debug|Any CPU
		{70B3F1C3-2AA1-4EDE-8CE6-F4AACEFCA75D}.Debug|x64.Build.0 = Debug|Any CPU
		{70B3F1C3-2AA1-4EDE-8CE6-F4AACEFCA75D}.Debug|x86.ActiveCfg = Debug|Any CPU
		{70B3F1C3-2AA1-4EDE-8CE6-F4AACEFCA75D}.Debug|x86.Build.0 = Debug|Any CPU
		{70B3F1C3-2AA1-4EDE-8CE6-F4AACEFCA75D}.Release|Any CPU.ActiveCfg = Release|Any CPU
		{70B3F1C3-2AA1-4EDE-8CE6-F4AACEFCA75D}.Release|Any CPU.Build.0 = Release|Any CPU
		{70B3F1C3-2AA1-4EDE-8CE6-F4AACEFCA75D}.Release|iPhone.ActiveCfg = Release|Any CPU
		{70B3F1C3-2AA1-4EDE-8CE6-F4AACEFCA75D}.Release|iPhone.Build.0 = Release|Any CPU
		{70B3F1C3-2AA1-4EDE-8CE6-F4AACEFCA75D}.Release|iPhoneSimulator.ActiveCfg = Release|Any CPU
		{70B3F1C3-2AA1-4EDE-8CE6-F4AACEFCA75D}.Release|iPhoneSimulator.Build.0 = Release|Any CPU
		{70B3F1C3-2AA1-4EDE-8CE6-F4AACEFCA75D}.Release|x64.ActiveCfg = Release|Any CPU
		{70B3F1C3-2AA1-4EDE-8CE6-F4AACEFCA75D}.Release|x64.Build.0 = Release|Any CPU
		{70B3F1C3-2AA1-4EDE-8CE6-F4AACEFCA75D}.Release|x86.ActiveCfg = Release|Any CPU
		{70B3F1C3-2AA1-4EDE-8CE6-F4AACEFCA75D}.Release|x86.Build.0 = Release|Any CPU
		{72C8B2A7-4AD4-4EC8-AC36-1284EDD2897E}.Ad-Hoc|Any CPU.ActiveCfg = Debug|Any CPU
		{72C8B2A7-4AD4-4EC8-AC36-1284EDD2897E}.Ad-Hoc|Any CPU.Build.0 = Debug|Any CPU
		{72C8B2A7-4AD4-4EC8-AC36-1284EDD2897E}.Ad-Hoc|iPhone.ActiveCfg = Debug|Any CPU
		{72C8B2A7-4AD4-4EC8-AC36-1284EDD2897E}.Ad-Hoc|iPhone.Build.0 = Debug|Any CPU
		{72C8B2A7-4AD4-4EC8-AC36-1284EDD2897E}.Ad-Hoc|iPhoneSimulator.ActiveCfg = Debug|Any CPU
		{72C8B2A7-4AD4-4EC8-AC36-1284EDD2897E}.Ad-Hoc|iPhoneSimulator.Build.0 = Debug|Any CPU
		{72C8B2A7-4AD4-4EC8-AC36-1284EDD2897E}.Ad-Hoc|x64.ActiveCfg = Debug|Any CPU
		{72C8B2A7-4AD4-4EC8-AC36-1284EDD2897E}.Ad-Hoc|x64.Build.0 = Debug|Any CPU
		{72C8B2A7-4AD4-4EC8-AC36-1284EDD2897E}.Ad-Hoc|x86.ActiveCfg = Debug|Any CPU
		{72C8B2A7-4AD4-4EC8-AC36-1284EDD2897E}.Ad-Hoc|x86.Build.0 = Debug|Any CPU
		{72C8B2A7-4AD4-4EC8-AC36-1284EDD2897E}.AppStore|Any CPU.ActiveCfg = Debug|Any CPU
		{72C8B2A7-4AD4-4EC8-AC36-1284EDD2897E}.AppStore|Any CPU.Build.0 = Debug|Any CPU
		{72C8B2A7-4AD4-4EC8-AC36-1284EDD2897E}.AppStore|iPhone.ActiveCfg = Debug|Any CPU
		{72C8B2A7-4AD4-4EC8-AC36-1284EDD2897E}.AppStore|iPhone.Build.0 = Debug|Any CPU
		{72C8B2A7-4AD4-4EC8-AC36-1284EDD2897E}.AppStore|iPhoneSimulator.ActiveCfg = Debug|Any CPU
		{72C8B2A7-4AD4-4EC8-AC36-1284EDD2897E}.AppStore|iPhoneSimulator.Build.0 = Debug|Any CPU
		{72C8B2A7-4AD4-4EC8-AC36-1284EDD2897E}.AppStore|x64.ActiveCfg = Debug|Any CPU
		{72C8B2A7-4AD4-4EC8-AC36-1284EDD2897E}.AppStore|x64.Build.0 = Debug|Any CPU
		{72C8B2A7-4AD4-4EC8-AC36-1284EDD2897E}.AppStore|x86.ActiveCfg = Debug|Any CPU
		{72C8B2A7-4AD4-4EC8-AC36-1284EDD2897E}.AppStore|x86.Build.0 = Debug|Any CPU
		{72C8B2A7-4AD4-4EC8-AC36-1284EDD2897E}.Debug|Any CPU.ActiveCfg = Debug|Any CPU
		{72C8B2A7-4AD4-4EC8-AC36-1284EDD2897E}.Debug|Any CPU.Build.0 = Debug|Any CPU
		{72C8B2A7-4AD4-4EC8-AC36-1284EDD2897E}.Debug|iPhone.ActiveCfg = Debug|Any CPU
		{72C8B2A7-4AD4-4EC8-AC36-1284EDD2897E}.Debug|iPhone.Build.0 = Debug|Any CPU
		{72C8B2A7-4AD4-4EC8-AC36-1284EDD2897E}.Debug|iPhoneSimulator.ActiveCfg = Debug|Any CPU
		{72C8B2A7-4AD4-4EC8-AC36-1284EDD2897E}.Debug|iPhoneSimulator.Build.0 = Debug|Any CPU
		{72C8B2A7-4AD4-4EC8-AC36-1284EDD2897E}.Debug|x64.ActiveCfg = Debug|Any CPU
		{72C8B2A7-4AD4-4EC8-AC36-1284EDD2897E}.Debug|x64.Build.0 = Debug|Any CPU
		{72C8B2A7-4AD4-4EC8-AC36-1284EDD2897E}.Debug|x86.ActiveCfg = Debug|Any CPU
		{72C8B2A7-4AD4-4EC8-AC36-1284EDD2897E}.Debug|x86.Build.0 = Debug|Any CPU
		{72C8B2A7-4AD4-4EC8-AC36-1284EDD2897E}.Release|Any CPU.ActiveCfg = Release|Any CPU
		{72C8B2A7-4AD4-4EC8-AC36-1284EDD2897E}.Release|Any CPU.Build.0 = Release|Any CPU
		{72C8B2A7-4AD4-4EC8-AC36-1284EDD2897E}.Release|iPhone.ActiveCfg = Release|Any CPU
		{72C8B2A7-4AD4-4EC8-AC36-1284EDD2897E}.Release|iPhone.Build.0 = Release|Any CPU
		{72C8B2A7-4AD4-4EC8-AC36-1284EDD2897E}.Release|iPhoneSimulator.ActiveCfg = Release|Any CPU
		{72C8B2A7-4AD4-4EC8-AC36-1284EDD2897E}.Release|iPhoneSimulator.Build.0 = Release|Any CPU
		{72C8B2A7-4AD4-4EC8-AC36-1284EDD2897E}.Release|x64.ActiveCfg = Release|Any CPU
		{72C8B2A7-4AD4-4EC8-AC36-1284EDD2897E}.Release|x64.Build.0 = Release|Any CPU
		{72C8B2A7-4AD4-4EC8-AC36-1284EDD2897E}.Release|x86.ActiveCfg = Release|Any CPU
		{72C8B2A7-4AD4-4EC8-AC36-1284EDD2897E}.Release|x86.Build.0 = Release|Any CPU
		{ACF1BBF0-1714-44C1-9B3C-F9514F3AAA84}.Ad-Hoc|Any CPU.ActiveCfg = Debug|Any CPU
		{ACF1BBF0-1714-44C1-9B3C-F9514F3AAA84}.Ad-Hoc|Any CPU.Build.0 = Debug|Any CPU
		{ACF1BBF0-1714-44C1-9B3C-F9514F3AAA84}.Ad-Hoc|iPhone.ActiveCfg = Debug|Any CPU
		{ACF1BBF0-1714-44C1-9B3C-F9514F3AAA84}.Ad-Hoc|iPhone.Build.0 = Debug|Any CPU
		{ACF1BBF0-1714-44C1-9B3C-F9514F3AAA84}.Ad-Hoc|iPhoneSimulator.ActiveCfg = Debug|Any CPU
		{ACF1BBF0-1714-44C1-9B3C-F9514F3AAA84}.Ad-Hoc|iPhoneSimulator.Build.0 = Debug|Any CPU
		{ACF1BBF0-1714-44C1-9B3C-F9514F3AAA84}.Ad-Hoc|x64.ActiveCfg = Debug|Any CPU
		{ACF1BBF0-1714-44C1-9B3C-F9514F3AAA84}.Ad-Hoc|x64.Build.0 = Debug|Any CPU
		{ACF1BBF0-1714-44C1-9B3C-F9514F3AAA84}.Ad-Hoc|x86.ActiveCfg = Debug|Any CPU
		{ACF1BBF0-1714-44C1-9B3C-F9514F3AAA84}.Ad-Hoc|x86.Build.0 = Debug|Any CPU
		{ACF1BBF0-1714-44C1-9B3C-F9514F3AAA84}.AppStore|Any CPU.ActiveCfg = Debug|Any CPU
		{ACF1BBF0-1714-44C1-9B3C-F9514F3AAA84}.AppStore|Any CPU.Build.0 = Debug|Any CPU
		{ACF1BBF0-1714-44C1-9B3C-F9514F3AAA84}.AppStore|iPhone.ActiveCfg = Debug|Any CPU
		{ACF1BBF0-1714-44C1-9B3C-F9514F3AAA84}.AppStore|iPhone.Build.0 = Debug|Any CPU
		{ACF1BBF0-1714-44C1-9B3C-F9514F3AAA84}.AppStore|iPhoneSimulator.ActiveCfg = Debug|Any CPU
		{ACF1BBF0-1714-44C1-9B3C-F9514F3AAA84}.AppStore|iPhoneSimulator.Build.0 = Debug|Any CPU
		{ACF1BBF0-1714-44C1-9B3C-F9514F3AAA84}.AppStore|x64.ActiveCfg = Debug|Any CPU
		{ACF1BBF0-1714-44C1-9B3C-F9514F3AAA84}.AppStore|x64.Build.0 = Debug|Any CPU
		{ACF1BBF0-1714-44C1-9B3C-F9514F3AAA84}.AppStore|x86.ActiveCfg = Debug|Any CPU
		{ACF1BBF0-1714-44C1-9B3C-F9514F3AAA84}.AppStore|x86.Build.0 = Debug|Any CPU
		{ACF1BBF0-1714-44C1-9B3C-F9514F3AAA84}.Debug|Any CPU.ActiveCfg = Debug|Any CPU
		{ACF1BBF0-1714-44C1-9B3C-F9514F3AAA84}.Debug|Any CPU.Build.0 = Debug|Any CPU
		{ACF1BBF0-1714-44C1-9B3C-F9514F3AAA84}.Debug|iPhone.ActiveCfg = Debug|Any CPU
		{ACF1BBF0-1714-44C1-9B3C-F9514F3AAA84}.Debug|iPhone.Build.0 = Debug|Any CPU
		{ACF1BBF0-1714-44C1-9B3C-F9514F3AAA84}.Debug|iPhoneSimulator.ActiveCfg = Debug|Any CPU
		{ACF1BBF0-1714-44C1-9B3C-F9514F3AAA84}.Debug|iPhoneSimulator.Build.0 = Debug|Any CPU
		{ACF1BBF0-1714-44C1-9B3C-F9514F3AAA84}.Debug|x64.ActiveCfg = Debug|Any CPU
		{ACF1BBF0-1714-44C1-9B3C-F9514F3AAA84}.Debug|x64.Build.0 = Debug|Any CPU
		{ACF1BBF0-1714-44C1-9B3C-F9514F3AAA84}.Debug|x86.ActiveCfg = Debug|Any CPU
		{ACF1BBF0-1714-44C1-9B3C-F9514F3AAA84}.Debug|x86.Build.0 = Debug|Any CPU
		{ACF1BBF0-1714-44C1-9B3C-F9514F3AAA84}.Release|Any CPU.ActiveCfg = Release|Any CPU
		{ACF1BBF0-1714-44C1-9B3C-F9514F3AAA84}.Release|Any CPU.Build.0 = Release|Any CPU
		{ACF1BBF0-1714-44C1-9B3C-F9514F3AAA84}.Release|iPhone.ActiveCfg = Release|Any CPU
		{ACF1BBF0-1714-44C1-9B3C-F9514F3AAA84}.Release|iPhone.Build.0 = Release|Any CPU
		{ACF1BBF0-1714-44C1-9B3C-F9514F3AAA84}.Release|iPhoneSimulator.ActiveCfg = Release|Any CPU
		{ACF1BBF0-1714-44C1-9B3C-F9514F3AAA84}.Release|iPhoneSimulator.Build.0 = Release|Any CPU
		{ACF1BBF0-1714-44C1-9B3C-F9514F3AAA84}.Release|x64.ActiveCfg = Release|Any CPU
		{ACF1BBF0-1714-44C1-9B3C-F9514F3AAA84}.Release|x64.Build.0 = Release|Any CPU
		{ACF1BBF0-1714-44C1-9B3C-F9514F3AAA84}.Release|x86.ActiveCfg = Release|Any CPU
		{ACF1BBF0-1714-44C1-9B3C-F9514F3AAA84}.Release|x86.Build.0 = Release|Any CPU
	EndGlobalSection
EndGlobal
