
Microsoft Visual Studio Solution File, Format Version 12.00
# Visual Studio Version 16
VisualStudioVersion = 25.0.1704.0
MinimumVisualStudioVersion = 10.0.40219.1
Project("{FAE04EC0-301F-11D3-BF4B-00C04F79EFBC}") = "X", "X\X.csproj", "{5F29EBCE-9D79-480C-9043-13FCFD8ADD28}"
EndProject
Global
	GlobalSection(SolutionConfigurationPlatforms) = preSolution
		Debug|Any CPU = Debug|Any CPU
		Release|Any CPU = Release|Any CPU
		Debug|iPhoneSimulator = Debug|iPhoneSimulator
		Release|iPhoneSimulator = Release|iPhoneSimulator
		Debug|iPhone = Debug|iPhone
		Release|iPhone = Release|iPhone
	EndGlobalSection
	GlobalSection(ProjectConfigurationPlatforms) = postSolution
		{5F29EBCE-9D79-480C-9043-13FCFD8ADD28}.Debug|Any CPU.ActiveCfg = Debug|Any CPU
		{5F29EBCE-9D79-480C-9043-13FCFD8ADD28}.Debug|Any CPU.Build.0 = Debug|Any CPU
		{5F29EBCE-9D79-480C-9043-13FCFD8ADD28}.Release|Any CPU.ActiveCfg = Release|Any CPU
		{5F29EBCE-9D79-480C-9043-13FCFD8ADD28}.Release|Any CPU.Build.0 = Release|Any CPU
		{5F29EBCE-9D79-480C-9043-13FCFD8ADD28}.Debug|iPhoneSimulator.ActiveCfg = Debug|Any CPU
		{5F29EBCE-9D79-480C-9043-13FCFD8ADD28}.Debug|iPhoneSimulator.Build.0 = Debug|Any CPU
		{5F29EBCE-9D79-480C-9043-13FCFD8ADD28}.Release|iPhoneSimulator.ActiveCfg = Release|Any CPU
		{5F29EBCE-9D79-480C-9043-13FCFD8ADD28}.Release|iPhoneSimulator.Build.0 = Release|Any CPU
		{5F29EBCE-9D79-480C-9043-13FCFD8ADD28}.Debug|iPhone.ActiveCfg = Debug|Any CPU
		{5F29EBCE-9D79-480C-9043-13FCFD8ADD28}.Debug|iPhone.Build.0 = Debug|Any CPU
		{5F29EBCE-9D79-480C-9043-13FCFD8ADD28}.Release|iPhone.ActiveCfg = Release|Any CPU
		{5F29EBCE-9D79-480C-9043-13FCFD8ADD28}.Release|iPhone.Build.0 = Release|Any CPU
	EndGlobalSection
	GlobalSection(SolutionProperties) = preSolution
		HideSolutionNode = FALSE
	EndGlobalSection
	GlobalSection(ExtensibilityGlobals) = postSolution
		SolutionGuid = {967DEB84-EF2F-42B1-9F1C-BC912CCB5368}
	EndGlobalSection
EndGlobal
